// !$*UTF8*$!
{
	archiveVersion = 1;
	classes = {
	};
	objectVersion = 50;
	objects = {

/* Begin PBXBuildFile section */
		FA4C02A52292EB5500EB5EC4 /* AppDelegate.swift in Sources */ = {isa = PBXBuildFile; fileRef = FA4C02A42292EB5500EB5EC4 /* AppDelegate.swift */; };
		FA4C02AA2292EB5500EB5EC4 /* Main.storyboard in Resources */ = {isa = PBXBuildFile; fileRef = FA4C02A82292EB5500EB5EC4 /* Main.storyboard */; };
		FA4C02AC2292EB5600EB5EC4 /* Assets.xcassets in Resources */ = {isa = PBXBuildFile; fileRef = FA4C02AB2292EB5600EB5EC4 /* Assets.xcassets */; };
		FA4C02AF2292EB5600EB5EC4 /* LaunchScreen.storyboard in Resources */ = {isa = PBXBuildFile; fileRef = FA4C02AD2292EB5600EB5EC4 /* LaunchScreen.storyboard */; };
		FA4C02BA2292FFEB00EB5EC4 /* LoginViewController.swift in Sources */ = {isa = PBXBuildFile; fileRef = FA4C02B92292FFEB00EB5EC4 /* LoginViewController.swift */; };
		FA4C02BC2293003900EB5EC4 /* RegisterViewController.swift in Sources */ = {isa = PBXBuildFile; fileRef = FA4C02BB2293003900EB5EC4 /* RegisterViewController.swift */; };
		FA4C02BE2293069A00EB5EC4 /* RecoverPasswordViewController.swift in Sources */ = {isa = PBXBuildFile; fileRef = FA4C02BD2293069A00EB5EC4 /* RecoverPasswordViewController.swift */; };
		FA4C02C02293070500EB5EC4 /* Model.swift in Sources */ = {isa = PBXBuildFile; fileRef = FA4C02BF2293070500EB5EC4 /* Model.swift */; };
		FA4C02C222930CE700EB5EC4 /* HomeViewController.swift in Sources */ = {isa = PBXBuildFile; fileRef = FA4C02C122930CE700EB5EC4 /* HomeViewController.swift */; };
		FA4C02C42293284200EB5EC4 /* ListViewController.swift in Sources */ = {isa = PBXBuildFile; fileRef = FA4C02C32293284200EB5EC4 /* ListViewController.swift */; };
		FA4C02C622933A8300EB5EC4 /* extensions.swift in Sources */ = {isa = PBXBuildFile; fileRef = FA4C02C522933A8300EB5EC4 /* extensions.swift */; };
		FA8CC4FC2294864C00590699 /* Cells.swift in Sources */ = {isa = PBXBuildFile; fileRef = FA8CC4FB2294864C00590699 /* Cells.swift */; };
		FA8CC4FE229489D900590699 /* Services.swift in Sources */ = {isa = PBXBuildFile; fileRef = FA8CC4FD229489D900590699 /* Services.swift */; };
/* End PBXBuildFile section */

/* Begin PBXFileReference section */
		FA4C02A12292EB5500EB5EC4 /* ejemplo1.app */ = {isa = PBXFileReference; explicitFileType = wrapper.application; includeInIndex = 0; path = ejemplo1.app; sourceTree = BUILT_PRODUCTS_DIR; };
		FA4C02A42292EB5500EB5EC4 /* AppDelegate.swift */ = {isa = PBXFileReference; lastKnownFileType = sourcecode.swift; path = AppDelegate.swift; sourceTree = "<group>"; };
		FA4C02A92292EB5500EB5EC4 /* Base */ = {isa = PBXFileReference; lastKnownFileType = file.storyboard; name = Base; path = Base.lproj/Main.storyboard; sourceTree = "<group>"; };
		FA4C02AB2292EB5600EB5EC4 /* Assets.xcassets */ = {isa = PBXFileReference; lastKnownFileType = folder.assetcatalog; path = Assets.xcassets; sourceTree = "<group>"; };
		FA4C02AE2292EB5600EB5EC4 /* Base */ = {isa = PBXFileReference; lastKnownFileType = file.storyboard; name = Base; path = Base.lproj/LaunchScreen.storyboard; sourceTree = "<group>"; };
		FA4C02B02292EB5600EB5EC4 /* Info.plist */ = {isa = PBXFileReference; lastKnownFileType = text.plist.xml; path = Info.plist; sourceTree = "<group>"; };
		FA4C02B92292FFEB00EB5EC4 /* LoginViewController.swift */ = {isa = PBXFileReference; lastKnownFileType = sourcecode.swift; path = LoginViewController.swift; sourceTree = "<group>"; };
		FA4C02BB2293003900EB5EC4 /* RegisterViewController.swift */ = {isa = PBXFileReference; lastKnownFileType = sourcecode.swift; path = RegisterViewController.swift; sourceTree = "<group>"; };
		FA4C02BD2293069A00EB5EC4 /* RecoverPasswordViewController.swift */ = {isa = PBXFileReference; lastKnownFileType = sourcecode.swift; path = RecoverPasswordViewController.swift; sourceTree = "<group>"; };
		FA4C02BF2293070500EB5EC4 /* Model.swift */ = {isa = PBXFileReference; lastKnownFileType = sourcecode.swift; path = Model.swift; sourceTree = "<group>"; };
		FA4C02C122930CE700EB5EC4 /* HomeViewController.swift */ = {isa = PBXFileReference; lastKnownFileType = sourcecode.swift; path = HomeViewController.swift; sourceTree = "<group>"; };
		FA4C02C32293284200EB5EC4 /* ListViewController.swift */ = {isa = PBXFileReference; lastKnownFileType = sourcecode.swift; path = ListViewController.swift; sourceTree = "<group>"; };
		FA4C02C522933A8300EB5EC4 /* extensions.swift */ = {isa = PBXFileReference; lastKnownFileType = sourcecode.swift; path = extensions.swift; sourceTree = "<group>"; };
		FA8CC4FB2294864C00590699 /* Cells.swift */ = {isa = PBXFileReference; lastKnownFileType = sourcecode.swift; path = Cells.swift; sourceTree = "<group>"; };
		FA8CC4FD229489D900590699 /* Services.swift */ = {isa = PBXFileReference; lastKnownFileType = sourcecode.swift; path = Services.swift; sourceTree = "<group>"; };
/* End PBXFileReference section */

/* Begin PBXFrameworksBuildPhase section */
		FA4C029E2292EB5500EB5EC4 /* Frameworks */ = {
			isa = PBXFrameworksBuildPhase;
			buildActionMask = 2147483647;
			files = (
			);
			runOnlyForDeploymentPostprocessing = 0;
		};
/* End PBXFrameworksBuildPhase section */

/* Begin PBXGroup section */
		FA4C02982292EB5500EB5EC4 = {
			isa = PBXGroup;
			children = (
				FA4C02A32292EB5500EB5EC4 /* ejemplo1 */,
				FA4C02A22292EB5500EB5EC4 /* Products */,
			);
			sourceTree = "<group>";
		};
		FA4C02A22292EB5500EB5EC4 /* Products */ = {
			isa = PBXGroup;
			children = (
				FA4C02A12292EB5500EB5EC4 /* ejemplo1.app */,
			);
			name = Products;
			sourceTree = "<group>";
		};
		FA4C02A32292EB5500EB5EC4 /* ejemplo1 */ = {
			isa = PBXGroup;
			children = (
				FA4C02A82292EB5500EB5EC4 /* Main.storyboard */,
				FA4C02C122930CE700EB5EC4 /* HomeViewController.swift */,
				FA4C02B92292FFEB00EB5EC4 /* LoginViewController.swift */,
				FA4C02BB2293003900EB5EC4 /* RegisterViewController.swift */,
				FA4C02BD2293069A00EB5EC4 /* RecoverPasswordViewController.swift */,
				FA4C02C32293284200EB5EC4 /* ListViewController.swift */,
				FA4C02BF2293070500EB5EC4 /* Model.swift */,
				FA8CC4FB2294864C00590699 /* Cells.swift */,
				FA8CC4FD229489D900590699 /* Services.swift */,
				FA4C02B82292FF0D00EB5EC4 /* Support */,
			);
			path = ejemplo1;
			sourceTree = "<group>";
		};
		FA4C02B82292FF0D00EB5EC4 /* Support */ = {
			isa = PBXGroup;
			children = (
				FA4C02A42292EB5500EB5EC4 /* AppDelegate.swift */,
				FA4C02AB2292EB5600EB5EC4 /* Assets.xcassets */,
				FA4C02AD2292EB5600EB5EC4 /* LaunchScreen.storyboard */,
				FA4C02B02292EB5600EB5EC4 /* Info.plist */,
				FA4C02C522933A8300EB5EC4 /* extensions.swift */,
			);
			path = Support;
			sourceTree = "<group>";
		};
/* End PBXGroup section */

/* Begin PBXNativeTarget section */
		FA4C02A02292EB5500EB5EC4 /* ejemplo1 */ = {
			isa = PBXNativeTarget;
			buildConfigurationList = FA4C02B32292EB5600EB5EC4 /* Build configuration list for PBXNativeTarget "ejemplo1" */;
			buildPhases = (
				FA4C029D2292EB5500EB5EC4 /* Sources */,
				FA4C029E2292EB5500EB5EC4 /* Frameworks */,
				FA4C029F2292EB5500EB5EC4 /* Resources */,
			);
			buildRules = (
			);
			dependencies = (
			);
			name = ejemplo1;
			productName = ejemplo1;
			productReference = FA4C02A12292EB5500EB5EC4 /* ejemplo1.app */;
			productType = "com.apple.product-type.application";
		};
/* End PBXNativeTarget section */

/* Begin PBXProject section */
		FA4C02992292EB5500EB5EC4 /* Project object */ = {
			isa = PBXProject;
			attributes = {
				LastSwiftUpdateCheck = 1000;
				LastUpgradeCheck = 1000;
				ORGANIZATIONNAME = macbook;
				TargetAttributes = {
					FA4C02A02292EB5500EB5EC4 = {
						CreatedOnToolsVersion = 10.0;
					};
				};
			};
			buildConfigurationList = FA4C029C2292EB5500EB5EC4 /* Build configuration list for PBXProject "ejemplo1" */;
			compatibilityVersion = "Xcode 9.3";
			developmentRegion = en;
			hasScannedForEncodings = 0;
			knownRegions = (
				en,
				Base,
			);
			mainGroup = FA4C02982292EB5500EB5EC4;
			productRefGroup = FA4C02A22292EB5500EB5EC4 /* Products */;
			projectDirPath = "";
			projectRoot = "";
			targets = (
				FA4C02A02292EB5500EB5EC4 /* ejemplo1 */,
			);
		};
/* End PBXProject section */

/* Begin PBXResourcesBuildPhase section */
		FA4C029F2292EB5500EB5EC4 /* Resources */ = {
			isa = PBXResourcesBuildPhase;
			buildActionMask = 2147483647;
			files = (
				FA4C02AF2292EB5600EB5EC4 /* LaunchScreen.storyboard in Resources */,
				FA4C02AC2292EB5600EB5EC4 /* Assets.xcassets in Resources */,
				FA4C02AA2292EB5500EB5EC4 /* Main.storyboard in Resources */,
			);
			runOnlyForDeploymentPostprocessing = 0;
		};
/* End PBXResourcesBuildPhase section */

/* Begin PBXSourcesBuildPhase section */
		FA4C029D2292EB5500EB5EC4 /* Sources */ = {
			isa = PBXSourcesBuildPhase;
			buildActionMask = 2147483647;
			files = (
				FA4C02C02293070500EB5EC4 /* Model.swift in Sources */,
				FA4C02BC2293003900EB5EC4 /* RegisterViewController.swift in Sources */,
				FA4C02BA2292FFEB00EB5EC4 /* LoginViewController.swift in Sources */,
				FA4C02C622933A8300EB5EC4 /* extensions.swift in Sources */,
				FA4C02BE2293069A00EB5EC4 /* RecoverPasswordViewController.swift in Sources */,
				FA8CC4FE229489D900590699 /* Services.swift in Sources */,
				FA4C02A52292EB5500EB5EC4 /* AppDelegate.swift in Sources */,
				FA4C02C222930CE700EB5EC4 /* HomeViewController.swift in Sources */,
				FA4C02C42293284200EB5EC4 /* ListViewController.swift in Sources */,
				FA8CC4FC2294864C00590699 /* Cells.swift in Sources */,
			);
			runOnlyForDeploymentPostprocessing = 0;
		};
/* End PBXSourcesBuildPhase section */

/* Begin PBXVariantGroup section */
		FA4C02A82292EB5500EB5EC4 /* Main.storyboard */ = {
			isa = PBXVariantGroup;
			children = (
				FA4C02A92292EB5500EB5EC4 /* Base */,
			);
			name = Main.storyboard;
			sourceTree = "<group>";
		};
		FA4C02AD2292EB5600EB5EC4 /* LaunchScreen.storyboard */ = {
			isa = PBXVariantGroup;
			children = (
				FA4C02AE2292EB5600EB5EC4 /* Base */,
			);
			name = LaunchScreen.storyboard;
			sourceTree = "<group>";
		};
/* End PBXVariantGroup section */

/* Begin XCBuildConfiguration section */
		FA4C02B12292EB5600EB5EC4 /* Debug */ = {
			isa = XCBuildConfiguration;
			buildSettings = {
				ALWAYS_SEARCH_USER_PATHS = NO;
				CLANG_ANALYZER_NONNULL = YES;
				CLANG_ANALYZER_NUMBER_OBJECT_CONVERSION = YES_AGGRESSIVE;
				CLANG_CXX_LANGUAGE_STANDARD = "gnu++14";
				CLANG_CXX_LIBRARY = "libc++";
				CLANG_ENABLE_MODULES = YES;
				CLANG_ENABLE_OBJC_ARC = YES;
				CLANG_ENABLE_OBJC_WEAK = YES;
				CLANG_WARN_BLOCK_CAPTURE_AUTORELEASING = YES;
				CLANG_WARN_BOOL_CONVERSION = YES;
				CLANG_WARN_COMMA = YES;
				CLANG_WARN_CONSTANT_CONVERSION = YES;
				CLANG_WARN_DEPRECATED_OBJC_IMPLEMENTATIONS = YES;
				CLANG_WARN_DIRECT_OBJC_ISA_USAGE = YES_ERROR;
				CLANG_WARN_DOCUMENTATION_COMMENTS = YES;
				CLANG_WARN_EMPTY_BODY = YES;
				CLANG_WARN_ENUM_CONVERSION = YES;
				CLANG_WARN_INFINITE_RECURSION = YES;
				CLANG_WARN_INT_CONVERSION = YES;
				CLANG_WARN_NON_LITERAL_NULL_CONVERSION = YES;
				CLANG_WARN_OBJC_IMPLICIT_RETAIN_SELF = YES;
				CLANG_WARN_OBJC_LITERAL_CONVERSION = YES;
				CLANG_WARN_OBJC_ROOT_CLASS = YES_ERROR;
				CLANG_WARN_RANGE_LOOP_ANALYSIS = YES;
				CLANG_WARN_STRICT_PROTOTYPES = YES;
				CLANG_WARN_SUSPICIOUS_MOVE = YES;
				CLANG_WARN_UNGUARDED_AVAILABILITY = YES_AGGRESSIVE;
				CLANG_WARN_UNREACHABLE_CODE = YES;
				CLANG_WARN__DUPLICATE_METHOD_MATCH = YES;
				CODE_SIGN_IDENTITY = "iPhone Developer";
				COPY_PHASE_STRIP = NO;
				DEBUG_INFORMATION_FORMAT = dwarf;
				ENABLE_STRICT_OBJC_MSGSEND = YES;
				ENABLE_TESTABILITY = YES;
				GCC_C_LANGUAGE_STANDARD = gnu11;
				GCC_DYNAMIC_NO_PIC = NO;
				GCC_NO_COMMON_BLOCKS = YES;
				GCC_OPTIMIZATION_LEVEL = 0;
				GCC_PREPROCESSOR_DEFINITIONS = (
					"DEBUG=1",
					"$(inherited)",
				);
				GCC_WARN_64_TO_32_BIT_CONVERSION = YES;
				GCC_WARN_ABOUT_RETURN_TYPE = YES_ERROR;
				GCC_WARN_UNDECLARED_SELECTOR = YES;
				GCC_WARN_UNINITIALIZED_AUTOS = YES_AGGRESSIVE;
				GCC_WARN_UNUSED_FUNCTION = YES;
				GCC_WARN_UNUSED_VARIABLE = YES;
				IPHONEOS_DEPLOYMENT_TARGET = 12.0;
				MTL_ENABLE_DEBUG_INFO = INCLUDE_SOURCE;
				MTL_FAST_MATH = YES;
				ONLY_ACTIVE_ARCH = YES;
				SDKROOT = iphoneos;
				SWIFT_ACTIVE_COMPILATION_CONDITIONS = DEBUG;
				SWIFT_OPTIMIZATION_LEVEL = "-Onone";
			};
			name = Debug;
		};
		FA4C02B22292EB5600EB5EC4 /* Release */ = {
			isa = XCBuildConfiguration;
			buildSettings = {
				ALWAYS_SEARCH_USER_PATHS = NO;
				CLANG_ANALYZER_NONNULL = YES;
				CLANG_ANALYZER_NUMBER_OBJECT_CONVERSION = YES_AGGRESSIVE;
				CLANG_CXX_LANGUAGE_STANDARD = "gnu++14";
				CLANG_CXX_LIBRARY = "libc++";
				CLANG_ENABLE_MODULES = YES;
				CLANG_ENABLE_OBJC_ARC = YES;
				CLANG_ENABLE_OBJC_WEAK = YES;
				CLANG_WARN_BLOCK_CAPTURE_AUTORELEASING = YES;
				CLANG_WARN_BOOL_CONVERSION = YES;
				CLANG_WARN_COMMA = YES;
				CLANG_WARN_CONSTANT_CONVERSION = YES;
				CLANG_WARN_DEPRECATED_OBJC_IMPLEMENTATIONS = YES;
				CLANG_WARN_DIRECT_OBJC_ISA_USAGE = YES_ERROR;
				CLANG_WARN_DOCUMENTATION_COMMENTS = YES;
				CLANG_WARN_EMPTY_BODY = YES;
				CLANG_WARN_ENUM_CONVERSION = YES;
				CLANG_WARN_INFINITE_RECURSION = YES;
				CLANG_WARN_INT_CONVERSION = YES;
				CLANG_WARN_NON_LITERAL_NULL_CONVERSION = YES;
				CLANG_WARN_OBJC_IMPLICIT_RETAIN_SELF = YES;
				CLANG_WARN_OBJC_LITERAL_CONVERSION = YES;
				CLANG_WARN_OBJC_ROOT_CLASS = YES_ERROR;
				CLANG_WARN_RANGE_LOOP_ANALYSIS = YES;
				CLANG_WARN_STRICT_PROTOTYPES = YES;
				CLANG_WARN_SUSPICIOUS_MOVE = YES;
				CLANG_WARN_UNGUARDED_AVAILABILITY = YES_AGGRESSIVE;
				CLANG_WARN_UNREACHABLE_CODE = YES;
				CLANG_WARN__DUPLICATE_METHOD_MATCH = YES;
				CODE_SIGN_IDENTITY = "iPhone Developer";
				COPY_PHASE_STRIP = NO;
				DEBUG_INFORMATION_FORMAT = "dwarf-with-dsym";
				ENABLE_NS_ASSERTIONS = NO;
				ENABLE_STRICT_OBJC_MSGSEND = YES;
				GCC_C_LANGUAGE_STANDARD = gnu11;
				GCC_NO_COMMON_BLOCKS = YES;
				GCC_WARN_64_TO_32_BIT_CONVERSION = YES;
				GCC_WARN_ABOUT_RETURN_TYPE = YES_ERROR;
				GCC_WARN_UNDECLARED_SELECTOR = YES;
				GCC_WARN_UNINITIALIZED_AUTOS = YES_AGGRESSIVE;
				GCC_WARN_UNUSED_FUNCTION = YES;
				GCC_WARN_UNUSED_VARIABLE = YES;
				IPHONEOS_DEPLOYMENT_TARGET = 12.0;
				MTL_ENABLE_DEBUG_INFO = NO;
				MTL_FAST_MATH = YES;
				SDKROOT = iphoneos;
				SWIFT_COMPILATION_MODE = wholemodule;
				SWIFT_OPTIMIZATION_LEVEL = "-O";
				VALIDATE_PRODUCT = YES;
			};
			name = Release;
		};
		FA4C02B42292EB5600EB5EC4 /* Debug */ = {
			isa = XCBuildConfiguration;
			buildSettings = {
				ASSETCATALOG_COMPILER_APPICON_NAME = AppIcon;
				CODE_SIGN_STYLE = Automatic;
				INFOPLIST_FILE = ejemplo1/Support/Info.plist;
				LD_RUNPATH_SEARCH_PATHS = (
					"$(inherited)",
					"@executable_path/Frameworks",
				);
				PRODUCT_BUNDLE_IDENTIFIER = com.ejemplo1;
				PRODUCT_NAME = "$(TARGET_NAME)";
				SWIFT_VERSION = 4.2;
				TARGETED_DEVICE_FAMILY = 1;
			};
			name = Debug;
		};
		FA4C02B52292EB5600EB5EC4 /* Release */ = {
			isa = XCBuildConfiguration;
			buildSettings = {
				ASSETCATALOG_COMPILER_APPICON_NAME = AppIcon;
				CODE_SIGN_STYLE = Automatic;
				INFOPLIST_FILE = ejemplo1/Support/Info.plist;
				LD_RUNPATH_SEARCH_PATHS = (
					"$(inherited)",
					"@executable_path/Frameworks",
				);
				PRODUCT_BUNDLE_IDENTIFIER = com.ejemplo1;
				PRODUCT_NAME = "$(TARGET_NAME)";
				SWIFT_VERSION = 4.2;
				TARGETED_DEVICE_FAMILY = 1;
			};
			name = Release;
		};
/* End XCBuildConfiguration section */

/* Begin XCConfigurationList section */
		FA4C029C2292EB5500EB5EC4 /* Build configuration list for PBXProject "ejemplo1" */ = {
			isa = XCConfigurationList;
			buildConfigurations = (
				FA4C02B12292EB5600EB5EC4 /* Debug */,
				FA4C02B22292EB5600EB5EC4 /* Release */,
			);
			defaultConfigurationIsVisible = 0;
			defaultConfigurationName = Release;
		};
		FA4C02B32292EB5600EB5EC4 /* Build configuration list for PBXNativeTarget "ejemplo1" */ = {
			isa = XCConfigurationList;
			buildConfigurations = (
				FA4C02B42292EB5600EB5EC4 /* Debug */,
				FA4C02B52292EB5600EB5EC4 /* Release */,
			);
			defaultConfigurationIsVisible = 0;
			defaultConfigurationName = Release;
		};
/* End XCConfigurationList section */
	};
	rootObject = FA4C02992292EB5500EB5EC4 /* Project object */;
}
